// !$*UTF8*$!
{
	archiveVersion = 1;
	classes = {
	};
	objectVersion = 46;
	objects = {

/* Begin PBXBuildFile section */
		FDD826151D5D7E1B005E932E /* main.m in Sources */ = {isa = PBXBuildFile; fileRef = FDD826141D5D7E1B005E932E /* main.m */; };
		FDD826181D5D7E1B005E932E /* AppDelegate.m in Sources */ = {isa = PBXBuildFile; fileRef = FDD826171D5D7E1B005E932E /* AppDelegate.m */; };
		FDD8261B1D5D7E1B005E932E /* ViewController.m in Sources */ = {isa = PBXBuildFile; fileRef = FDD8261A1D5D7E1B005E932E /* ViewController.m */; };
		FDD8261E1D5D7E1B005E932E /* Main.storyboard in Resources */ = {isa = PBXBuildFile; fileRef = FDD8261C1D5D7E1B005E932E /* Main.storyboard */; };
		FDD826201D5D7E1B005E932E /* Assets.xcassets in Resources */ = {isa = PBXBuildFile; fileRef = FDD8261F1D5D7E1B005E932E /* Assets.xcassets */; };
		FDD826231D5D7E1B005E932E /* LaunchScreen.storyboard in Resources */ = {isa = PBXBuildFile; fileRef = FDD826211D5D7E1B005E932E /* LaunchScreen.storyboard */; };
/* End PBXBuildFile section */

/* Begin PBXFileReference section */
		FDD826101D5D7E1B005E932E /* OCDeviceManager.app */ = {isa = PBXFileReference; explicitFileType = wrapper.application; includeInIndex = 0; path = OCDeviceManager.app; sourceTree = BUILT_PRODUCTS_DIR; };
		FDD826141D5D7E1B005E932E /* main.m */ = {isa = PBXFileReference; lastKnownFileType = sourcecode.c.objc; path = main.m; sourceTree = "<group>"; };
		FDD826161D5D7E1B005E932E /* AppDelegate.h */ = {isa = PBXFileReference; lastKnownFileType = sourcecode.c.h; path = AppDelegate.h; sourceTree = "<group>"; };
		FDD826171D5D7E1B005E932E /* AppDelegate.m */ = {isa = PBXFileReference; lastKnownFileType = sourcecode.c.objc; path = AppDelegate.m; sourceTree = "<group>"; };
		FDD826191D5D7E1B005E932E /* ViewController.h */ = {isa = PBXFileReference; lastKnownFileType = sourcecode.c.h; path = ViewController.h; sourceTree = "<group>"; };
		FDD8261A1D5D7E1B005E932E /* ViewController.m */ = {isa = PBXFileReference; lastKnownFileType = sourcecode.c.objc; path = ViewController.m; sourceTree = "<group>"; };
		FDD8261D1D5D7E1B005E932E /* Base */ = {isa = PBXFileReference; lastKnownFileType = file.storyboard; name = Base; path = Base.lproj/Main.storyboard; sourceTree = "<group>"; };
		FDD8261F1D5D7E1B005E932E /* Assets.xcassets */ = {isa = PBXFileReference; lastKnownFileType = folder.assetcatalog; path = Assets.xcassets; sourceTree = "<group>"; };
		FDD826221D5D7E1B005E932E /* Base */ = {isa = PBXFileReference; lastKnownFileType = file.storyboard; name = Base; path = Base.lproj/LaunchScreen.storyboard; sourceTree = "<group>"; };
		FDD826241D5D7E1B005E932E /* Info.plist */ = {isa = PBXFileReference; lastKnownFileType = text.plist.xml; path = Info.plist; sourceTree = "<group>"; };
/* End PBXFileReference section */

/* Begin PBXFrameworksBuildPhase section */
		FDD8260D1D5D7E1B005E932E /* Frameworks */ = {
			isa = PBXFrameworksBuildPhase;
			buildActionMask = 2147483647;
			files = (
			);
			runOnlyForDeploymentPostprocessing = 0;
		};
/* End PBXFrameworksBuildPhase section */

/* Begin PBXGroup section */
		FDD826071D5D7E1A005E932E = {
			isa = PBXGroup;
			children = (
				FDD826121D5D7E1B005E932E /* OCDeviceManager */,
				FDD826111D5D7E1B005E932E /* Products */,
			);
			sourceTree = "<group>";
		};
		FDD826111D5D7E1B005E932E /* Products */ = {
			isa = PBXGroup;
			children = (
				FDD826101D5D7E1B005E932E /* OCDeviceManager.app */,
			);
			name = Products;
			sourceTree = "<group>";
		};
		FDD826121D5D7E1B005E932E /* OCDeviceManager */ = {
			isa = PBXGroup;
			children = (
				FDD826161D5D7E1B005E932E /* AppDelegate.h */,
				FDD826171D5D7E1B005E932E /* AppDelegate.m */,
				FDD826191D5D7E1B005E932E /* ViewController.h */,
				FDD8261A1D5D7E1B005E932E /* ViewController.m */,
				FDD8261C1D5D7E1B005E932E /* Main.storyboard */,
				FDD8261F1D5D7E1B005E932E /* Assets.xcassets */,
				FDD826211D5D7E1B005E932E /* LaunchScreen.storyboard */,
				FDD826241D5D7E1B005E932E /* Info.plist */,
				FDD826131D5D7E1B005E932E /* Supporting Files */,
			);
			path = OCDeviceManager;
			sourceTree = "<group>";
		};
		FDD826131D5D7E1B005E932E /* Supporting Files */ = {
			isa = PBXGroup;
			children = (
				FDD826141D5D7E1B005E932E /* main.m */,
			);
			name = "Supporting Files";
			sourceTree = "<group>";
		};
/* End PBXGroup section */

/* Begin PBXNativeTarget section */
		FDD8260F1D5D7E1B005E932E /* OCDeviceManager */ = {
			isa = PBXNativeTarget;
			buildConfigurationList = FDD826271D5D7E1B005E932E /* Build configuration list for PBXNativeTarget "OCDeviceManager" */;
			buildPhases = (
				FDD8260C1D5D7E1B005E932E /* Sources */,
				FDD8260D1D5D7E1B005E932E /* Frameworks */,
				FDD8260E1D5D7E1B005E932E /* Resources */,
			);
			buildRules = (
			);
			dependencies = (
			);
			name = OCDeviceManager;
			productName = OCDeviceManager;
			productReference = FDD826101D5D7E1B005E932E /* OCDeviceManager.app */;
			productType = "com.apple.product-type.application";
		};
/* End PBXNativeTarget section */

/* Begin PBXProject section */
		FDD826081D5D7E1A005E932E /* Project object */ = {
			isa = PBXProject;
			attributes = {
				LastUpgradeCheck = 0730;
				ORGANIZATIONNAME = "麻生 拓弥";
				TargetAttributes = {
					FDD8260F1D5D7E1B005E932E = {
						CreatedOnToolsVersion = 7.3.1;
					};
				};
			};
			buildConfigurationList = FDD8260B1D5D7E1A005E932E /* Build configuration list for PBXProject "OCDeviceManager" */;
			compatibilityVersion = "Xcode 3.2";
			developmentRegion = English;
			hasScannedForEncodings = 0;
			knownRegions = (
				en,
				Base,
			);
			mainGroup = FDD826071D5D7E1A005E932E;
			productRefGroup = FDD826111D5D7E1B005E932E /* Products */;
			projectDirPath = "";
			projectRoot = "";
			targets = (
				FDD8260F1D5D7E1B005E932E /* OCDeviceManager */,
			);
		};
/* End PBXProject section */

/* Begin PBXResourcesBuildPhase section */
		FDD8260E1D5D7E1B005E932E /* Resources */ = {
			isa = PBXResourcesBuildPhase;
			buildActionMask = 2147483647;
			files = (
				FDD826231D5D7E1B005E932E /* LaunchScreen.storyboard in Resources */,
				FDD826201D5D7E1B005E932E /* Assets.xcassets in Resources */,
				FDD8261E1D5D7E1B005E932E /* Main.storyboard in Resources */,
			);
			runOnlyForDeploymentPostprocessing = 0;
		};
/* End PBXResourcesBuildPhase section */

/* Begin PBXSourcesBuildPhase section */
		FDD8260C1D5D7E1B005E932E /* Sources */ = {
			isa = PBXSourcesBuildPhase;
			buildActionMask = 2147483647;
			files = (
				FDD8261B1D5D7E1B005E932E /* ViewController.m in Sources */,
				FDD826181D5D7E1B005E932E /* AppDelegate.m in Sources */,
				FDD826151D5D7E1B005E932E /* main.m in Sources */,
			);
			runOnlyForDeploymentPostprocessing = 0;
		};
/* End PBXSourcesBuildPhase section */

/* Begin PBXVariantGroup section */
		FDD8261C1D5D7E1B005E932E /* Main.storyboard */ = {
			isa = PBXVariantGroup;
			children = (
				FDD8261D1D5D7E1B005E932E /* Base */,
			);
			name = Main.storyboard;
			sourceTree = "<group>";
		};
		FDD826211D5D7E1B005E932E /* LaunchScreen.storyboard */ = {
			isa = PBXVariantGroup;
			children = (
				FDD826221D5D7E1B005E932E /* Base */,
			);
			name = LaunchScreen.storyboard;
			sourceTree = "<group>";
		};
/* End PBXVariantGroup section */

/* Begin XCBuildConfiguration section */
		FDD826251D5D7E1B005E932E /* Debug */ = {
			isa = XCBuildConfiguration;
			buildSettings = {
				ALWAYS_SEARCH_USER_PATHS = NO;
				CLANG_ANALYZER_NONNULL = YES;
				CLANG_CXX_LANGUAGE_STANDARD = "gnu++0x";
				CLANG_CXX_LIBRARY = "libc++";
				CLANG_ENABLE_MODULES = YES;
				CLANG_ENABLE_OBJC_ARC = YES;
				CLANG_WARN_BOOL_CONVERSION = YES;
				CLANG_WARN_CONSTANT_CONVERSION = YES;
				CLANG_WARN_DIRECT_OBJC_ISA_USAGE = YES_ERROR;
				CLANG_WARN_EMPTY_BODY = YES;
				CLANG_WARN_ENUM_CONVERSION = YES;
				CLANG_WARN_INT_CONVERSION = YES;
				CLANG_WARN_OBJC_ROOT_CLASS = YES_ERROR;
				CLANG_WARN_UNREACHABLE_CODE = YES;
				CLANG_WARN__DUPLICATE_METHOD_MATCH = YES;
				"CODE_SIGN_IDENTITY[sdk=iphoneos*]" = "iPhone Developer";
				COPY_PHASE_STRIP = NO;
				DEBUG_INFORMATION_FORMAT = dwarf;
				ENABLE_STRICT_OBJC_MSGSEND = YES;
				ENABLE_TESTABILITY = YES;
				GCC_C_LANGUAGE_STANDARD = gnu99;
				GCC_DYNAMIC_NO_PIC = NO;
				GCC_NO_COMMON_BLOCKS = YES;
				GCC_OPTIMIZATION_LEVEL = 0;
				GCC_PREPROCESSOR_DEFINITIONS = (
					"DEBUG=1",
					"$(inherited)",
				);
				GCC_WARN_64_TO_32_BIT_CONVERSION = YES;
				GCC_WARN_ABOUT_RETURN_TYPE = YES_ERROR;
				GCC_WARN_UNDECLARED_SELECTOR = YES;
				GCC_WARN_UNINITIALIZED_AUTOS = YES_AGGRESSIVE;
				GCC_WARN_UNUSED_FUNCTION = YES;
				GCC_WARN_UNUSED_VARIABLE = YES;
				IPHONEOS_DEPLOYMENT_TARGET = 9.3;
				MTL_ENABLE_DEBUG_INFO = YES;
				ONLY_ACTIVE_ARCH = YES;
				SDKROOT = iphoneos;
				TARGETED_DEVICE_FAMILY = "1,2";
			};
			name = Debug;
		};
		FDD826261D5D7E1B005E932E /* Release */ = {
			isa = XCBuildConfiguration;
			buildSettings = {
				ALWAYS_SEARCH_USER_PATHS = NO;
				CLANG_ANALYZER_NONNULL = YES;
				CLANG_CXX_LANGUAGE_STANDARD = "gnu++0x";
				CLANG_CXX_LIBRARY = "libc++";
				CLANG_ENABLE_MODULES = YES;
				CLANG_ENABLE_OBJC_ARC = YES;
				CLANG_WARN_BOOL_CONVERSION = YES;
				CLANG_WARN_CONSTANT_CONVERSION = YES;
				CLANG_WARN_DIRECT_OBJC_ISA_USAGE = YES_ERROR;
				CLANG_WARN_EMPTY_BODY = YES;
				CLANG_WARN_ENUM_CONVERSION = YES;
				CLANG_WARN_INT_CONVERSION = YES;
				CLANG_WARN_OBJC_ROOT_CLASS = YES_ERROR;
				CLANG_WARN_UNREACHABLE_CODE = YES;
				CLANG_WARN__DUPLICATE_METHOD_MATCH = YES;
				"CODE_SIGN_IDENTITY[sdk=iphoneos*]" = "iPhone Developer";
				COPY_PHASE_STRIP = NO;
				DEBUG_INFORMATION_FORMAT = "dwarf-with-dsym";
				ENABLE_NS_ASSERTIONS = NO;
				ENABLE_STRICT_OBJC_MSGSEND = YES;
				GCC_C_LANGUAGE_STANDARD = gnu99;
				GCC_NO_COMMON_BLOCKS = YES;
				GCC_WARN_64_TO_32_BIT_CONVERSION = YES;
				GCC_WARN_ABOUT_RETURN_TYPE = YES_ERROR;
				GCC_WARN_UNDECLARED_SELECTOR = YES;
				GCC_WARN_UNINITIALIZED_AUTOS = YES_AGGRESSIVE;
				GCC_WARN_UNUSED_FUNCTION = YES;
				GCC_WARN_UNUSED_VARIABLE = YES;
				IPHONEOS_DEPLOYMENT_TARGET = 9.3;
				MTL_ENABLE_DEBUG_INFO = NO;
				SDKROOT = iphoneos;
				TARGETED_DEVICE_FAMILY = "1,2";
				VALIDATE_PRODUCT = YES;
			};
			name = Release;
		};
		FDD826281D5D7E1B005E932E /* Debug */ = {
			isa = XCBuildConfiguration;
			buildSettings = {
				ASSETCATALOG_COMPILER_APPICON_NAME = AppIcon;
				INFOPLIST_FILE = OCDeviceManager/Info.plist;
				LD_RUNPATH_SEARCH_PATHS = "$(inherited) @executable_path/Frameworks";
				PRODUCT_BUNDLE_IDENTIFIER = com.ASTK.OCDeviceManager;
				PRODUCT_NAME = "$(TARGET_NAME)";
			};
			name = Debug;
		};
		FDD826291D5D7E1B005E932E /* Release */ = {
			isa = XCBuildConfiguration;
			buildSettings = {
				ASSETCATALOG_COMPILER_APPICON_NAME = AppIcon;
				INFOPLIST_FILE = OCDeviceManager/Info.plist;
				LD_RUNPATH_SEARCH_PATHS = "$(inherited) @executable_path/Frameworks";
				PRODUCT_BUNDLE_IDENTIFIER = com.ASTK.OCDeviceManager;
				PRODUCT_NAME = "$(TARGET_NAME)";
			};
			name = Release;
		};
/* End XCBuildConfiguration section */

/* Begin XCConfigurationList section */
		FDD8260B1D5D7E1A005E932E /* Build configuration list for PBXProject "OCDeviceManager" */ = {
			isa = XCConfigurationList;
			buildConfigurations = (
				FDD826251D5D7E1B005E932E /* Debug */,
				FDD826261D5D7E1B005E932E /* Release */,
			);
			defaultConfigurationIsVisible = 0;
			defaultConfigurationName = Release;
		};
		FDD826271D5D7E1B005E932E /* Build configuration list for PBXNativeTarget "OCDeviceManager" */ = {
			isa = XCConfigurationList;
			buildConfigurations = (
				FDD826281D5D7E1B005E932E /* Debug */,
				FDD826291D5D7E1B005E932E /* Release */,
			);
			defaultConfigurationIsVisible = 0;
		};
/* End XCConfigurationList section */
	};
	rootObject = FDD826081D5D7E1A005E932E /* Project object */;
}
